
Microsoft Visual Studio Solution File, Format Version 12.00
# Visual Studio Version 17
VisualStudioVersion = 17.0.31903.59
MinimumVisualStudioVersion = 10.0.40219.1
Project("{2150E333-8FDC-42A3-9474-1A3956D46DE8}") = "src", "src", "{AAA04281-B45F-4BCC-9449-963F1F5FA86C}"
EndProject
Project("{FAE04EC0-301F-11D3-BF4B-00C04F79EFBC}") = "TodoMVC", "src\TodoMVC\TodoMVC.csproj", "{DD009686-5861-41C9-AE11-42AB328896B3}"
EndProject
Global
	GlobalSection(SolutionConfigurationPlatforms) = preSolution
		Debug|Any CPU = Debug|Any CPU
		Release|Any CPU = Release|Any CPU
	EndGlobalSection
	GlobalSection(SolutionProperties) = preSolution
		HideSolutionNode = FALSE
	EndGlobalSection
	GlobalSection(ProjectConfigurationPlatforms) = postSolution
		{DD009686-5861-41C9-AE11-42AB328896B3}.Debug|Any CPU.ActiveCfg = Debug|Any CPU
		{DD009686-5861-41C9-AE11-42AB328896B3}.Debug|Any CPU.Build.0 = Debug|Any CPU
		{DD009686-5861-41C9-AE11-42AB328896B3}.Release|Any CPU.ActiveCfg = Release|Any CPU
		{DD009686-5861-41C9-AE11-42AB328896B3}.Release|Any CPU.Build.0 = Release|Any CPU
	EndGlobalSection
	GlobalSection(NestedProjects) = preSolution
		{DD009686-5861-41C9-AE11-42AB328896B3} = {AAA04281-B45F-4BCC-9449-963F1F5FA86C}
	EndGlobalSection
EndGlobal
